{
  "nodes": {
    "cargo2nix": {
      "inputs": {
        "flake-utils": "flake-utils",
        "nixpkgs": "nixpkgs",
        "rust-overlay": "rust-overlay"
      },
      "locked": {
        "lastModified": 1638423893,
        "narHash": "sha256-+NTV613zwK1G4UIKrj0gh1fYDvi85qO0wxy6h11azuY=",
        "owner": "cargo2nix",
        "repo": "cargo2nix",
        "rev": "ae8a5e699f57b446f9507b97a3c97a4e9fe06aa3",
        "type": "github"
      },
      "original": {
        "owner": "cargo2nix",
        "ref": "master",
        "repo": "cargo2nix",
        "type": "github"
      }
    },
    "fenix": {
      "inputs": {
        "nixpkgs": "nixpkgs_3",
        "rust-analyzer-src": "rust-analyzer-src"
      },
      "locked": {
        "lastModified": 1643869431,
        "narHash": "sha256-M+khM8s4Kz70q1jCpNX+Cx/YH6cZnn32yCW4udZMCVk=",
        "owner": "nix-community",
        "repo": "fenix",
        "rev": "2d64d0c1941b2b82d938e82790ea0e692889c23b",
        "type": "github"
      },
      "original": {
        "owner": "nix-community",
        "repo": "fenix",
        "type": "github"
      }
    },
    "flake-compat": {
      "flake": false,
      "locked": {
        "lastModified": 1641205782,
        "narHash": "sha256-4jY7RCWUoZ9cKD8co0/4tFARpWB+57+r1bLLvXNJliY=",
        "owner": "edolstra",
        "repo": "flake-compat",
        "rev": "b7547d3eed6f32d06102ead8991ec52ab0a4f1a7",
        "type": "github"
      },
      "original": {
        "owner": "edolstra",
        "repo": "flake-compat",
        "type": "github"
      }
    },
    "flake-utils": {
      "locked": {
        "lastModified": 1638122382,
        "narHash": "sha256-sQzZzAbvKEqN9s0bzWuYmRaA03v40gaJ4+iL1LXjaeI=",
        "owner": "numtide",
        "repo": "flake-utils",
        "rev": "74f7e4319258e287b0f9cb95426c9853b282730b",
        "type": "github"
      },
      "original": {
        "owner": "numtide",
        "repo": "flake-utils",
        "type": "github"
      }
    },
    "flake-utils_2": {
      "locked": {
        "lastModified": 1642700792,
        "narHash": "sha256-XqHrk7hFb+zBvRg6Ghl+AZDq03ov6OshJLiSWOoX5es=",
        "owner": "numtide",
        "repo": "flake-utils",
        "rev": "846b2ae0fc4cc943637d3d1def4454213e203cba",
        "type": "github"
      },
      "original": {
        "owner": "numtide",
        "repo": "flake-utils",
        "type": "github"
      }
    },
    "flake-utils_3": {
      "locked": {
        "lastModified": 1642700792,
        "narHash": "sha256-XqHrk7hFb+zBvRg6Ghl+AZDq03ov6OshJLiSWOoX5es=",
        "owner": "numtide",
        "repo": "flake-utils",
        "rev": "846b2ae0fc4cc943637d3d1def4454213e203cba",
        "type": "github"
      },
      "original": {
        "owner": "numtide",
        "repo": "flake-utils",
        "type": "github"
      }
    },
    "flake-utils_4": {
      "locked": {
        "lastModified": 1629481132,
        "narHash": "sha256-JHgasjPR0/J1J3DRm4KxM4zTyAj4IOJY8vIl75v/kPI=",
        "owner": "numtide",
        "repo": "flake-utils",
        "rev": "997f7efcb746a9c140ce1f13c72263189225f482",
        "type": "github"
      },
      "original": {
        "owner": "numtide",
        "repo": "flake-utils",
        "type": "github"
      }
    },
    "neovim-flake": {
      "inputs": {
        "flake-utils": "flake-utils_4",
        "nixpkgs": "nixpkgs_4"
      },
      "locked": {
        "dir": "contrib",
        "lastModified": 1644762305,
        "narHash": "sha256-3pffUSxASt4wmncOoXjwIki4QIU1JNWV9dYGlcq0Gdc=",
        "owner": "neovim",
        "repo": "neovim",
        "rev": "046950f6309070d98ab5a3deeff9d00e079ccdd4",
        "type": "github"
      },
      "original": {
        "dir": "contrib",
        "owner": "neovim",
        "repo": "neovim",
        "type": "github"
      }
    },
    "neovim-nightly": {
      "inputs": {
        "flake-compat": "flake-compat",
        "neovim-flake": "neovim-flake",
        "nixpkgs": "nixpkgs_5"
      },
      "locked": {
        "lastModified": 1644826433,
        "narHash": "sha256-dL6QCrD753LjEy/Sr06AfvX/wYWLduozQRDBgVnf+50=",
        "owner": "nix-community",
        "repo": "neovim-nightly-overlay",
        "rev": "a8bd1733d41c74af80c7717adcbc8e39df485ef2",
        "type": "github"
      },
      "original": {
        "owner": "nix-community",
        "repo": "neovim-nightly-overlay",
        "type": "github"
      }
    },
    "nixpkgs": {
      "locked": {
        "lastModified": 1638109994,
        "narHash": "sha256-OpA37PTiPMIqoRJbufbl5rOLII7HeeGcA0yl7FoyCIE=",
        "owner": "nixos",
        "repo": "nixpkgs",
        "rev": "a284564b7f75ac4db73607db02076e8da9d42c9d",
        "type": "github"
      },
      "original": {
        "owner": "nixos",
        "ref": "release-21.05",
        "repo": "nixpkgs",
        "type": "github"
      }
    },
    "nixpkgs_2": {
      "locked": {
        "lastModified": 1643653624,
        "narHash": "sha256-+8hLMsQrZ2rkvcEtEId6HMe8GPxVb5ga+Vh1fdsqJDU=",
        "owner": "NixOS",
        "repo": "nixpkgs",
        "rev": "a529f0c125a78343b145a8eb2b915b0295e4f459",
        "type": "github"
      },
      "original": {
        "owner": "NixOS",
        "ref": "nixpkgs-unstable",
        "repo": "nixpkgs",
        "type": "github"
      }
    },
    "nixpkgs_3": {
      "locked": {
        "lastModified": 1643524588,
        "narHash": "sha256-Qh5AazxdOQRORbGkkvpKoovDl6ej/4PhDabFsqnueqw=",
        "owner": "nixos",
        "repo": "nixpkgs",
        "rev": "efeefb2af1469a5d1f0ae7ca8f0dfd9bb87d5cfb",
        "type": "github"
      },
      "original": {
        "owner": "nixos",
        "ref": "nixos-unstable",
        "repo": "nixpkgs",
        "type": "github"
      }
    },
    "nixpkgs_4": {
      "locked": {
        "lastModified": 1644525281,
        "narHash": "sha256-D3VuWLdnLmAXIkooWAtbTGSQI9Fc1lkvAr94wTxhnTU=",
        "owner": "nixos",
        "repo": "nixpkgs",
        "rev": "48d63e924a2666baf37f4f14a18f19347fbd54a2",
        "type": "github"
      },
      "original": {
        "owner": "nixos",
        "ref": "nixos-unstable",
        "repo": "nixpkgs",
        "type": "github"
      }
    },
    "nixpkgs_5": {
      "locked": {
        "lastModified": 1644525281,
        "narHash": "sha256-D3VuWLdnLmAXIkooWAtbTGSQI9Fc1lkvAr94wTxhnTU=",
        "owner": "nixos",
        "repo": "nixpkgs",
        "rev": "48d63e924a2666baf37f4f14a18f19347fbd54a2",
        "type": "github"
      },
      "original": {
        "owner": "nixos",
        "ref": "nixos-unstable",
        "repo": "nixpkgs",
        "type": "github"
      }
    },
    "nixpkgs_6": {
      "locked": {
        "lastModified": 1644107270,
        "narHash": "sha256-TAEVo8Gq+G857Lxdv+SG6K40eH28K0NlA8WPx3HT9jQ=",
        "owner": "nixos",
        "repo": "nixpkgs",
        "rev": "d49a447c18eac3c1639b99550df08b43948b28e0",
        "type": "github"
      },
      "original": {
        "owner": "nixos",
        "ref": "release-21.11",
        "repo": "nixpkgs",
        "type": "github"
      }
    },
    "root": {
      "inputs": {
        "cargo2nix": "cargo2nix",
        "fenix": "fenix",
        "flake-utils": "flake-utils_3",
        "neovim-nightly": "neovim-nightly",
        "nixpkgs": "nixpkgs_6",
        "rust-overlay": "rust-overlay_2"
      }
    },
    "rust-analyzer-src": {
      "flake": false,
      "locked": {
        "lastModified": 1643802160,
        "narHash": "sha256-m3V0VU1M8k0NBYoLaQZFVZaejtfWn2kLLXxZNnHuujk=",
        "owner": "rust-analyzer",
        "repo": "rust-analyzer",
        "rev": "9cb6e3a190f7781cb7e243837b47e6889d204d52",
        "type": "github"
      },
      "original": {
        "owner": "rust-analyzer",
        "ref": "nightly",
        "repo": "rust-analyzer",
        "type": "github"
      }
    },
    "rust-overlay": {
      "inputs": {
        "flake-utils": "flake-utils_2",
        "nixpkgs": "nixpkgs_2"
      },
      "locked": {
        "lastModified": 1638152159,
        "narHash": "sha256-Q0UHsm36cCxk16I/bF1rHJHxjIflESKk2ej76P39j90=",
        "owner": "oxalica",
        "repo": "rust-overlay",
        "rev": "d9a664513558376595e838b21348cdac0ba3115e",
        "type": "github"
      },
      "original": {
        "owner": "oxalica",
        "repo": "rust-overlay",
        "type": "github"
      }
    },
    "rust-overlay_2": {
      "inputs": {
        "flake-utils": [
          "flake-utils"
        ],
        "nixpkgs": [
          "nixpkgs"
        ]
      },
      "locked": {
        "lastModified": 1644115219,
        "narHash": "sha256-XQpVfuqVbU6RKULeSw+EAiizvenA0NqDEtma2BTtlOw=",
        "owner": "oxalica",
        "repo": "rust-overlay",
        "rev": "6970a38429dc822dd5b687a939faafeb3766efe1",
        "type": "github"
      },
      "original": {
        "owner": "oxalica",
        "repo": "rust-overlay",
        "type": "github"
      }
    }
  },
  "root": "root",
  "version": 7
}
